lockfileVersion: '6.0'

settings:
  autoInstallPeers: true
  excludeLinksFromLockfile: false

dependencies:
  uuid:
    specifier: ^9.0.1
    version: registry.npmmirror.com/uuid@9.0.1

packages:

  registry.npmmirror.com/uuid@9.0.1:
    resolution: {integrity: sha512-b+1eJOlsR9K8HJpow9Ok3fiWOWSIcIzXodvv0rQjVoOVNpWMpxf1wZNpt4y9h10odCNrqnYp1OBzRktckBe3sA==, registry: https://registry.npm.taobao.org/, tarball: https://registry.npmmirror.com/uuid/-/uuid-9.0.1.tgz}
    name: uuid
    version: 9.0.1
    hasBin: true
    dev: false
